{
  "name": "blogdhh",
  "version": "1.0.0",
  "lockfileVersion": 3,
  "requires": true,
  "packages": {
    "": {
      "name": "blogdhh",
      "version": "1.0.0",
      "dependencies": {
        "local-time": "^3.0.2"
      }
    },
    "node_modules/local-time": {
      "version": "3.0.2",
      "resolved": "https://registry.npmjs.org/local-time/-/local-time-3.0.2.tgz",
      "integrity": "sha512-22xNlCU10UxS+ecOtT2sLq17sVo0MQf8D2TvGEagS8Mi2gOtCIrY9cMfWH2dlkPLvEUmoWBfi8kzJNRoCSPvlg=="
    }
  }
}
